// !$*UTF8*$!
{
	archiveVersion = 1;
	classes = {
	};
	objectVersion = 50;
	objects = {

/* Begin PBXBuildFile section */
		5753E46524DB989100FF6F24 /* AppDelegate.swift in Sources */ = {isa = PBXBuildFile; fileRef = 5753E46424DB989100FF6F24 /* AppDelegate.swift */; };
		5753E46724DB989100FF6F24 /* ViewController.swift in Sources */ = {isa = PBXBuildFile; fileRef = 5753E46624DB989100FF6F24 /* ViewController.swift */; };
		5753E46A24DB989100FF6F24 /* Main.storyboard in Resources */ = {isa = PBXBuildFile; fileRef = 5753E46824DB989100FF6F24 /* Main.storyboard */; };
		5753E46D24DB989100FF6F24 /* SuperHerois.xcdatamodeld in Sources */ = {isa = PBXBuildFile; fileRef = 5753E46B24DB989100FF6F24 /* SuperHerois.xcdatamodeld */; };
		5753E46F24DB989300FF6F24 /* Assets.xcassets in Resources */ = {isa = PBXBuildFile; fileRef = 5753E46E24DB989300FF6F24 /* Assets.xcassets */; };
		5753E47224DB989300FF6F24 /* LaunchScreen.storyboard in Resources */ = {isa = PBXBuildFile; fileRef = 5753E47024DB989300FF6F24 /* LaunchScreen.storyboard */; };
/* End PBXBuildFile section */

/* Begin PBXFileReference section */
		5753E46124DB989100FF6F24 /* SuperHerois.app */ = {isa = PBXFileReference; explicitFileType = wrapper.application; includeInIndex = 0; path = SuperHerois.app; sourceTree = BUILT_PRODUCTS_DIR; };
		5753E46424DB989100FF6F24 /* AppDelegate.swift */ = {isa = PBXFileReference; lastKnownFileType = sourcecode.swift; path = AppDelegate.swift; sourceTree = "<group>"; };
		5753E46624DB989100FF6F24 /* ViewController.swift */ = {isa = PBXFileReference; lastKnownFileType = sourcecode.swift; path = ViewController.swift; sourceTree = "<group>"; };
		5753E46924DB989100FF6F24 /* Base */ = {isa = PBXFileReference; lastKnownFileType = file.storyboard; name = Base; path = Base.lproj/Main.storyboard; sourceTree = "<group>"; };
		5753E46C24DB989100FF6F24 /* SuperHerois.xcdatamodel */ = {isa = PBXFileReference; lastKnownFileType = wrapper.xcdatamodel; path = SuperHerois.xcdatamodel; sourceTree = "<group>"; };
		5753E46E24DB989300FF6F24 /* Assets.xcassets */ = {isa = PBXFileReference; lastKnownFileType = folder.assetcatalog; path = Assets.xcassets; sourceTree = "<group>"; };
		5753E47124DB989300FF6F24 /* Base */ = {isa = PBXFileReference; lastKnownFileType = file.storyboard; name = Base; path = Base.lproj/LaunchScreen.storyboard; sourceTree = "<group>"; };
		5753E47324DB989300FF6F24 /* Info.plist */ = {isa = PBXFileReference; lastKnownFileType = text.plist.xml; path = Info.plist; sourceTree = "<group>"; };
/* End PBXFileReference section */

/* Begin PBXFrameworksBuildPhase section */
		5753E45E24DB989100FF6F24 /* Frameworks */ = {
			isa = PBXFrameworksBuildPhase;
			buildActionMask = 2147483647;
			files = (
			);
			runOnlyForDeploymentPostprocessing = 0;
		};
/* End PBXFrameworksBuildPhase section */

/* Begin PBXGroup section */
		5753E45824DB989100FF6F24 = {
			isa = PBXGroup;
			children = (
				5753E46324DB989100FF6F24 /* SuperHerois */,
				5753E46224DB989100FF6F24 /* Products */,
			);
			sourceTree = "<group>";
		};
		5753E46224DB989100FF6F24 /* Products */ = {
			isa = PBXGroup;
			children = (
				5753E46124DB989100FF6F24 /* SuperHerois.app */,
			);
			name = Products;
			sourceTree = "<group>";
		};
		5753E46324DB989100FF6F24 /* SuperHerois */ = {
			isa = PBXGroup;
			children = (
				5753E46424DB989100FF6F24 /* AppDelegate.swift */,
				5753E46624DB989100FF6F24 /* ViewController.swift */,
				5753E46824DB989100FF6F24 /* Main.storyboard */,
				5753E46E24DB989300FF6F24 /* Assets.xcassets */,
				5753E47024DB989300FF6F24 /* LaunchScreen.storyboard */,
				5753E47324DB989300FF6F24 /* Info.plist */,
				5753E46B24DB989100FF6F24 /* SuperHerois.xcdatamodeld */,
			);
			path = SuperHerois;
			sourceTree = "<group>";
		};
/* End PBXGroup section */

/* Begin PBXNativeTarget section */
		5753E46024DB989100FF6F24 /* SuperHerois */ = {
			isa = PBXNativeTarget;
			buildConfigurationList = 5753E47624DB989300FF6F24 /* Build configuration list for PBXNativeTarget "SuperHerois" */;
			buildPhases = (
				5753E45D24DB989100FF6F24 /* Sources */,
				5753E45E24DB989100FF6F24 /* Frameworks */,
				5753E45F24DB989100FF6F24 /* Resources */,
			);
			buildRules = (
			);
			dependencies = (
			);
			name = SuperHerois;
			productName = SuperHerois;
			productReference = 5753E46124DB989100FF6F24 /* SuperHerois.app */;
			productType = "com.apple.product-type.application";
		};
/* End PBXNativeTarget section */

/* Begin PBXProject section */
		5753E45924DB989100FF6F24 /* Project object */ = {
			isa = PBXProject;
			attributes = {
				LastSwiftUpdateCheck = 0940;
				LastUpgradeCheck = 0940;
				ORGANIZATIONNAME = "Matheus Souza";
				TargetAttributes = {
					5753E46024DB989100FF6F24 = {
						CreatedOnToolsVersion = 9.4.1;
					};
				};
			};
			buildConfigurationList = 5753E45C24DB989100FF6F24 /* Build configuration list for PBXProject "SuperHerois" */;
			compatibilityVersion = "Xcode 9.3";
			developmentRegion = en;
			hasScannedForEncodings = 0;
			knownRegions = (
				en,
				Base,
			);
			mainGroup = 5753E45824DB989100FF6F24;
			productRefGroup = 5753E46224DB989100FF6F24 /* Products */;
			projectDirPath = "";
			projectRoot = "";
			targets = (
				5753E46024DB989100FF6F24 /* SuperHerois */,
			);
		};
/* End PBXProject section */

/* Begin PBXResourcesBuildPhase section */
		5753E45F24DB989100FF6F24 /* Resources */ = {
			isa = PBXResourcesBuildPhase;
			buildActionMask = 2147483647;
			files = (
				5753E47224DB989300FF6F24 /* LaunchScreen.storyboard in Resources */,
				5753E46F24DB989300FF6F24 /* Assets.xcassets in Resources */,
				5753E46A24DB989100FF6F24 /* Main.storyboard in Resources */,
			);
			runOnlyForDeploymentPostprocessing = 0;
		};
/* End PBXResourcesBuildPhase section */

/* Begin PBXSourcesBuildPhase section */
		5753E45D24DB989100FF6F24 /* Sources */ = {
			isa = PBXSourcesBuildPhase;
			buildActionMask = 2147483647;
			files = (
				5753E46724DB989100FF6F24 /* ViewController.swift in Sources */,
				5753E46D24DB989100FF6F24 /* SuperHerois.xcdatamodeld in Sources */,
				5753E46524DB989100FF6F24 /* AppDelegate.swift in Sources */,
			);
			runOnlyForDeploymentPostprocessing = 0;
		};
/* End PBXSourcesBuildPhase section */

/* Begin PBXVariantGroup section */
		5753E46824DB989100FF6F24 /* Main.storyboard */ = {
			isa = PBXVariantGroup;
			children = (
				5753E46924DB989100FF6F24 /* Base */,
			);
			name = Main.storyboard;
			sourceTree = "<group>";
		};
		5753E47024DB989300FF6F24 /* LaunchScreen.storyboard */ = {
			isa = PBXVariantGroup;
			children = (
				5753E47124DB989300FF6F24 /* Base */,
			);
			name = LaunchScreen.storyboard;
			sourceTree = "<group>";
		};
/* End PBXVariantGroup section */

/* Begin XCBuildConfiguration section */
		5753E47424DB989300FF6F24 /* Debug */ = {
			isa = XCBuildConfiguration;
			buildSettings = {
				ALWAYS_SEARCH_USER_PATHS = NO;
				CLANG_ANALYZER_NONNULL = YES;
				CLANG_ANALYZER_NUMBER_OBJECT_CONVERSION = YES_AGGRESSIVE;
				CLANG_CXX_LANGUAGE_STANDARD = "gnu++14";
				CLANG_CXX_LIBRARY = "libc++";
				CLANG_ENABLE_MODULES = YES;
				CLANG_ENABLE_OBJC_ARC = YES;
				CLANG_ENABLE_OBJC_WEAK = YES;
				CLANG_WARN_BLOCK_CAPTURE_AUTORELEASING = YES;
				CLANG_WARN_BOOL_CONVERSION = YES;
				CLANG_WARN_COMMA = YES;
				CLANG_WARN_CONSTANT_CONVERSION = YES;
				CLANG_WARN_DEPRECATED_OBJC_IMPLEMENTATIONS = YES;
				CLANG_WARN_DIRECT_OBJC_ISA_USAGE = YES_ERROR;
				CLANG_WARN_DOCUMENTATION_COMMENTS = YES;
				CLANG_WARN_EMPTY_BODY = YES;
				CLANG_WARN_ENUM_CONVERSION = YES;
				CLANG_WARN_INFINITE_RECURSION = YES;
				CLANG_WARN_INT_CONVERSION = YES;
				CLANG_WARN_NON_LITERAL_NULL_CONVERSION = YES;
				CLANG_WARN_OBJC_IMPLICIT_RETAIN_SELF = YES;
				CLANG_WARN_OBJC_LITERAL_CONVERSION = YES;
				CLANG_WARN_OBJC_ROOT_CLASS = YES_ERROR;
				CLANG_WARN_RANGE_LOOP_ANALYSIS = YES;
				CLANG_WARN_STRICT_PROTOTYPES = YES;
				CLANG_WARN_SUSPICIOUS_MOVE = YES;
				CLANG_WARN_UNGUARDED_AVAILABILITY = YES_AGGRESSIVE;
				CLANG_WARN_UNREACHABLE_CODE = YES;
				CLANG_WARN__DUPLICATE_METHOD_MATCH = YES;
				CODE_SIGN_IDENTITY = "iPhone Developer";
				COPY_PHASE_STRIP = NO;
				DEBUG_INFORMATION_FORMAT = dwarf;
				ENABLE_STRICT_OBJC_MSGSEND = YES;
				ENABLE_TESTABILITY = YES;
				GCC_C_LANGUAGE_STANDARD = gnu11;
				GCC_DYNAMIC_NO_PIC = NO;
				GCC_NO_COMMON_BLOCKS = YES;
				GCC_OPTIMIZATION_LEVEL = 0;
				GCC_PREPROCESSOR_DEFINITIONS = (
					"DEBUG=1",
					"$(inherited)",
				);
				GCC_WARN_64_TO_32_BIT_CONVERSION = YES;
				GCC_WARN_ABOUT_RETURN_TYPE = YES_ERROR;
				GCC_WARN_UNDECLARED_SELECTOR = YES;
				GCC_WARN_UNINITIALIZED_AUTOS = YES_AGGRESSIVE;
				GCC_WARN_UNUSED_FUNCTION = YES;
				GCC_WARN_UNUSED_VARIABLE = YES;
				IPHONEOS_DEPLOYMENT_TARGET = 11.4;
				MTL_ENABLE_DEBUG_INFO = YES;
				ONLY_ACTIVE_ARCH = YES;
				SDKROOT = iphoneos;
				SWIFT_ACTIVE_COMPILATION_CONDITIONS = DEBUG;
				SWIFT_OPTIMIZATION_LEVEL = "-Onone";
			};
			name = Debug;
		};
		5753E47524DB989300FF6F24 /* Release */ = {
			isa = XCBuildConfiguration;
			buildSettings = {
				ALWAYS_SEARCH_USER_PATHS = NO;
				CLANG_ANALYZER_NONNULL = YES;
				CLANG_ANALYZER_NUMBER_OBJECT_CONVERSION = YES_AGGRESSIVE;
				CLANG_CXX_LANGUAGE_STANDARD = "gnu++14";
				CLANG_CXX_LIBRARY = "libc++";
				CLANG_ENABLE_MODULES = YES;
				CLANG_ENABLE_OBJC_ARC = YES;
				CLANG_ENABLE_OBJC_WEAK = YES;
				CLANG_WARN_BLOCK_CAPTURE_AUTORELEASING = YES;
				CLANG_WARN_BOOL_CONVERSION = YES;
				CLANG_WARN_COMMA = YES;
				CLANG_WARN_CONSTANT_CONVERSION = YES;
				CLANG_WARN_DEPRECATED_OBJC_IMPLEMENTATIONS = YES;
				CLANG_WARN_DIRECT_OBJC_ISA_USAGE = YES_ERROR;
				CLANG_WARN_DOCUMENTATION_COMMENTS = YES;
				CLANG_WARN_EMPTY_BODY = YES;
				CLANG_WARN_ENUM_CONVERSION = YES;
				CLANG_WARN_INFINITE_RECURSION = YES;
				CLANG_WARN_INT_CONVERSION = YES;
				CLANG_WARN_NON_LITERAL_NULL_CONVERSION = YES;
				CLANG_WARN_OBJC_IMPLICIT_RETAIN_SELF = YES;
				CLANG_WARN_OBJC_LITERAL_CONVERSION = YES;
				CLANG_WARN_OBJC_ROOT_CLASS = YES_ERROR;
				CLANG_WARN_RANGE_LOOP_ANALYSIS = YES;
				CLANG_WARN_STRICT_PROTOTYPES = YES;
				CLANG_WARN_SUSPICIOUS_MOVE = YES;
				CLANG_WARN_UNGUARDED_AVAILABILITY = YES_AGGRESSIVE;
				CLANG_WARN_UNREACHABLE_CODE = YES;
				CLANG_WARN__DUPLICATE_METHOD_MATCH = YES;
				CODE_SIGN_IDENTITY = "iPhone Developer";
				COPY_PHASE_STRIP = NO;
				DEBUG_INFORMATION_FORMAT = "dwarf-with-dsym";
				ENABLE_NS_ASSERTIONS = NO;
				ENABLE_STRICT_OBJC_MSGSEND = YES;
				GCC_C_LANGUAGE_STANDARD = gnu11;
				GCC_NO_COMMON_BLOCKS = YES;
				GCC_WARN_64_TO_32_BIT_CONVERSION = YES;
				GCC_WARN_ABOUT_RETURN_TYPE = YES_ERROR;
				GCC_WARN_UNDECLARED_SELECTOR = YES;
				GCC_WARN_UNINITIALIZED_AUTOS = YES_AGGRESSIVE;
				GCC_WARN_UNUSED_FUNCTION = YES;
				GCC_WARN_UNUSED_VARIABLE = YES;
				IPHONEOS_DEPLOYMENT_TARGET = 11.4;
				MTL_ENABLE_DEBUG_INFO = NO;
				SDKROOT = iphoneos;
				SWIFT_COMPILATION_MODE = wholemodule;
				SWIFT_OPTIMIZATION_LEVEL = "-O";
				VALIDATE_PRODUCT = YES;
			};
			name = Release;
		};
		5753E47724DB989300FF6F24 /* Debug */ = {
			isa = XCBuildConfiguration;
			buildSettings = {
				ASSETCATALOG_COMPILER_APPICON_NAME = AppIcon;
				CODE_SIGN_STYLE = Automatic;
				INFOPLIST_FILE = SuperHerois/Info.plist;
				LD_RUNPATH_SEARCH_PATHS = (
					"$(inherited)",
					"@executable_path/Frameworks",
				);
				PRODUCT_BUNDLE_IDENTIFIER = FSPOA.SuperHerois;
				PRODUCT_NAME = "$(TARGET_NAME)";
				SWIFT_VERSION = 4.0;
				TARGETED_DEVICE_FAMILY = "1,2";
			};
			name = Debug;
		};
		5753E47824DB989300FF6F24 /* Release */ = {
			isa = XCBuildConfiguration;
			buildSettings = {
				ASSETCATALOG_COMPILER_APPICON_NAME = AppIcon;
				CODE_SIGN_STYLE = Automatic;
				INFOPLIST_FILE = SuperHerois/Info.plist;
				LD_RUNPATH_SEARCH_PATHS = (
					"$(inherited)",
					"@executable_path/Frameworks",
				);
				PRODUCT_BUNDLE_IDENTIFIER = FSPOA.SuperHerois;
				PRODUCT_NAME = "$(TARGET_NAME)";
				SWIFT_VERSION = 4.0;
				TARGETED_DEVICE_FAMILY = "1,2";
			};
			name = Release;
		};
/* End XCBuildConfiguration section */

/* Begin XCConfigurationList section */
		5753E45C24DB989100FF6F24 /* Build configuration list for PBXProject "SuperHerois" */ = {
			isa = XCConfigurationList;
			buildConfigurations = (
				5753E47424DB989300FF6F24 /* Debug */,
				5753E47524DB989300FF6F24 /* Release */,
			);
			defaultConfigurationIsVisible = 0;
			defaultConfigurationName = Release;
		};
		5753E47624DB989300FF6F24 /* Build configuration list for PBXNativeTarget "SuperHerois" */ = {
			isa = XCConfigurationList;
			buildConfigurations = (
				5753E47724DB989300FF6F24 /* Debug */,
				5753E47824DB989300FF6F24 /* Release */,
			);
			defaultConfigurationIsVisible = 0;
			defaultConfigurationName = Release;
		};
/* End XCConfigurationList section */

/* Begin XCVersionGroup section */
		5753E46B24DB989100FF6F24 /* SuperHerois.xcdatamodeld */ = {
			isa = XCVersionGroup;
			children = (
				5753E46C24DB989100FF6F24 /* SuperHerois.xcdatamodel */,
			);
			currentVersion = 5753E46C24DB989100FF6F24 /* SuperHerois.xcdatamodel */;
			path = SuperHerois.xcdatamodeld;
			sourceTree = "<group>";
			versionGroupType = wrapper.xcdatamodel;
		};
/* End XCVersionGroup section */
	};
	rootObject = 5753E45924DB989100FF6F24 /* Project object */;
}
